# THIS IS AN AUTOGENERATED FILE. DO NOT EDIT THIS FILE DIRECTLY.
# yarn lockfile v1


"@types/uuid@8.0.0":
  version "8.0.0"
  resolved "https://registry.yarnpkg.com/@types/uuid/-/uuid-8.0.0.tgz#165aae4819ad2174a17476dbe66feebd549556c0"
  integrity sha512-xSQfNcvOiE5f9dyd4Kzxbof1aTrLobL278pGLKOZI6esGfZ7ts9Ka16CzIN6Y8hFHE1C7jIBZokULhK1bOgjRw==

benchmark@^2.1.4:
  version "2.1.4"
  resolved "https://registry.yarnpkg.com/benchmark/-/benchmark-2.1.4.tgz#09f3de31c916425d498cc2ee565a0ebf3c2a5629"
  integrity sha1-CfPeMckWQl1JjMLuVloOvzwqVik=
  dependencies:
    lodash "^4.17.4"
    platform "^1.3.3"

lodash@^4.17.4:
  version "4.17.19"
  resolved "https://registry.yarnpkg.com/lodash/-/lodash-4.17.19.tgz#e48ddedbe30b3321783c5b4301fbd353bc1e4a4b"
  integrity sha512-JNvd8XER9GQX0v2qJgsaN/mzFCNA5BRe/j8JN9d+tWyGLSodKQHKFicdwNYzWwI3wjRnaKPsGj1XkBjx/F96DQ==

platform@^1.3.3:
  version "1.3.6"
  resolved "https://registry.yarnpkg.com/platform/-/platform-1.3.6.tgz#48b4ce983164b209c2d45a107adb31f473a6e7a7"
  integrity sha512-fnWVljUchTro6RiCFvCXBbNhJc2NijN7oIQxbwsyL0buWJPG85v81ehlHI9fXrJsMNgTofEoWIQeClKpgxFLrg==

uuid@8.2.0:
  version "8.2.0"
  resolved "https://registry.yarnpkg.com/uuid/-/uuid-8.2.0.tgz#cb10dd6b118e2dada7d0cd9730ba7417c93d920e"
  integrity sha512-CYpGiFTUrmI6OBMkAdjSDM0k5h8SkkiTP4WAjQgDgNB1S3Ou9VBEvr6q0Kv2H1mMk7IWfxYGpMH5sd5AvcIV2Q==

uuidv4@^6.2.0:
  version "6.2.0"
  resolved "https://registry.yarnpkg.com/uuidv4/-/uuidv4-6.2.0.tgz#4895bd5ae52e45fa18d9f79d55ba8d905a6bb468"
  integrity sha512-zVCpLVDnxHkahCcu7Ul6HYrTm8+d6qrV/KChdQl52G2w1+GRiUX4jzSNsPX1cTb6aUm4thqccS7jl12AUOxZUQ==
  dependencies:
    "@types/uuid" "8.0.0"
    uuid "8.2.0"
